
Microsoft Visual Studio Solution File, Format Version 12.00
# Visual Studio Version 16
VisualStudioVersion = 16.0.34729.46
MinimumVisualStudioVersion = 10.0.40219.1
Project("{FAE04EC0-301F-11D3-BF4B-00C04F79EFBC}") = "Presentacion", "Presentacion.csproj", "{0CD453AE-B32E-45FC-82D6-571B7D5EA5EA}"
EndProject
Project("{FAE04EC0-301F-11D3-BF4B-00C04F79EFBC}") = "BLL", "..\BLL\BLL.csproj", "{36250C25-2444-4931-879F-A51D5A09CA12}"
EndProject
Project("{FAE04EC0-301F-11D3-BF4B-00C04F79EFBC}") = "DAL", "..\DAL\DAL.csproj", "{B8C0E528-79AE-4671-8D4B-AD590DB30202}"
EndProject
Project("{FAE04EC0-301F-11D3-BF4B-00C04F79EFBC}") = "Entity", "..\Entity\Entity.csproj", "{F0AF2E82-8C40-4038-A3F3-A02F4D895328}"
EndProject
Global
	GlobalSection(SolutionConfigurationPlatforms) = preSolution
		Debug|Any CPU = Debug|Any CPU
		Release|Any CPU = Release|Any CPU
	EndGlobalSection
	GlobalSection(ProjectConfigurationPlatforms) = postSolution
		{0CD453AE-B32E-45FC-82D6-571B7D5EA5EA}.Debug|Any CPU.ActiveCfg = Debug|Any CPU
		{0CD453AE-B32E-45FC-82D6-571B7D5EA5EA}.Debug|Any CPU.Build.0 = Debug|Any CPU
		{0CD453AE-B32E-45FC-82D6-571B7D5EA5EA}.Release|Any CPU.ActiveCfg = Release|Any CPU
		{0CD453AE-B32E-45FC-82D6-571B7D5EA5EA}.Release|Any CPU.Build.0 = Release|Any CPU
		{36250C25-2444-4931-879F-A51D5A09CA12}.Debug|Any CPU.ActiveCfg = Debug|Any CPU
		{36250C25-2444-4931-879F-A51D5A09CA12}.Debug|Any CPU.Build.0 = Debug|Any CPU
		{36250C25-2444-4931-879F-A51D5A09CA12}.Release|Any CPU.ActiveCfg = Release|Any CPU
		{36250C25-2444-4931-879F-A51D5A09CA12}.Release|Any CPU.Build.0 = Release|Any CPU
		{B8C0E528-79AE-4671-8D4B-AD590DB30202}.Debug|Any CPU.ActiveCfg = Debug|Any CPU
		{B8C0E528-79AE-4671-8D4B-AD590DB30202}.Debug|Any CPU.Build.0 = Debug|Any CPU
		{B8C0E528-79AE-4671-8D4B-AD590DB30202}.Release|Any CPU.ActiveCfg = Release|Any CPU
		{B8C0E528-79AE-4671-8D4B-AD590DB30202}.Release|Any CPU.Build.0 = Release|Any CPU
		{F0AF2E82-8C40-4038-A3F3-A02F4D895328}.Debug|Any CPU.ActiveCfg = Debug|Any CPU
		{F0AF2E82-8C40-4038-A3F3-A02F4D895328}.Debug|Any CPU.Build.0 = Debug|Any CPU
		{F0AF2E82-8C40-4038-A3F3-A02F4D895328}.Release|Any CPU.ActiveCfg = Release|Any CPU
		{F0AF2E82-8C40-4038-A3F3-A02F4D895328}.Release|Any CPU.Build.0 = Release|Any CPU
	EndGlobalSection
	GlobalSection(SolutionProperties) = preSolution
		HideSolutionNode = FALSE
	EndGlobalSection
	GlobalSection(ExtensibilityGlobals) = postSolution
		SolutionGuid = {DCB359C3-CED8-42A8-A907-B869EC7F8416}
	EndGlobalSection
EndGlobal
